# THIS IS AN AUTOGENERATED FILE. DO NOT EDIT THIS FILE DIRECTLY.
# yarn lockfile v1


types-for-adobe@^6.0.1:
  version "6.0.1"
  resolved "https://registry.yarnpkg.com/types-for-adobe/-/types-for-adobe-6.0.1.tgz#567fb3971ee8464d3693b8d3ed0e9a0c9988c34b"
  integrity sha512-kEW6ne8deCUrVua5sYRnb3kRRvVLicwzhnKbqbus585o9LyQjklbo3XDsfIzWiF2aA0oFjgcE5B1Bz+EWQG0nw==

typescript@^4.2.4:
  version "4.2.4"
  resolved "https://registry.yarnpkg.com/typescript/-/typescript-4.2.4.tgz#8610b59747de028fda898a8aef0e103f156d0961"
  integrity sha512-V+evlYHZnQkaz8TRBuxTA92yZBPotr5H+WhQ7bD3hZUndx5tGOa1fuCgeSjxAzM1RiN5IzvadIXTVefuuwZCRg==
